
Microsoft Visual Studio Solution File, Format Version 12.00
# Visual Studio 15
VisualStudioVersion = 15.0.27004.2002
MinimumVisualStudioVersion = 10.0.40219.1
Project("{FAE04EC0-301F-11D3-BF4B-00C04F79EFBC}") = "YYLTD.Models", "YYLTD.Models\YYLTD.Models.csproj", "{4D4F161D-B2D0-4557-90D1-2B01CE6652DD}"
EndProject
Project("{FAE04EC0-301F-11D3-BF4B-00C04F79EFBC}") = "YYLTD.Data", "YYLTD.Data\YYLTD.Data.csproj", "{D0932159-1A91-4E5D-AA92-BC11E3ABF79F}"
EndProject
Project("{FAE04EC0-301F-11D3-BF4B-00C04F79EFBC}") = "YYLTD.Client", "YYLTD.Client\YYLTD.Client.csproj", "{6AE6E413-41B2-48DB-A63A-4DA6BB37C5EE}"
EndProject
Global
	GlobalSection(SolutionConfigurationPlatforms) = preSolution
		Debug|Any CPU = Debug|Any CPU
		Release|Any CPU = Release|Any CPU
	EndGlobalSection
	GlobalSection(ProjectConfigurationPlatforms) = postSolution
		{4D4F161D-B2D0-4557-90D1-2B01CE6652DD}.Debug|Any CPU.ActiveCfg = Debug|Any CPU
		{4D4F161D-B2D0-4557-90D1-2B01CE6652DD}.Debug|Any CPU.Build.0 = Debug|Any CPU
		{4D4F161D-B2D0-4557-90D1-2B01CE6652DD}.Release|Any CPU.ActiveCfg = Release|Any CPU
		{4D4F161D-B2D0-4557-90D1-2B01CE6652DD}.Release|Any CPU.Build.0 = Release|Any CPU
		{D0932159-1A91-4E5D-AA92-BC11E3ABF79F}.Debug|Any CPU.ActiveCfg = Debug|Any CPU
		{D0932159-1A91-4E5D-AA92-BC11E3ABF79F}.Debug|Any CPU.Build.0 = Debug|Any CPU
		{D0932159-1A91-4E5D-AA92-BC11E3ABF79F}.Release|Any CPU.ActiveCfg = Release|Any CPU
		{D0932159-1A91-4E5D-AA92-BC11E3ABF79F}.Release|Any CPU.Build.0 = Release|Any CPU
		{6AE6E413-41B2-48DB-A63A-4DA6BB37C5EE}.Debug|Any CPU.ActiveCfg = Debug|Any CPU
		{6AE6E413-41B2-48DB-A63A-4DA6BB37C5EE}.Debug|Any CPU.Build.0 = Debug|Any CPU
		{6AE6E413-41B2-48DB-A63A-4DA6BB37C5EE}.Release|Any CPU.ActiveCfg = Release|Any CPU
		{6AE6E413-41B2-48DB-A63A-4DA6BB37C5EE}.Release|Any CPU.Build.0 = Release|Any CPU
	EndGlobalSection
	GlobalSection(SolutionProperties) = preSolution
		HideSolutionNode = FALSE
	EndGlobalSection
	GlobalSection(ExtensibilityGlobals) = postSolution
		SolutionGuid = {5E00F81F-6474-4250-95FC-8F2ADF225976}
	EndGlobalSection
EndGlobal
